// !$*UTF8*$!
{
	archiveVersion = 1;
	classes = {
	};
	objectVersion = 55;
	objects = {

/* Begin PBXBuildFile section */
		7E61192628F0B1570091EAED /* HoneymoonApp.swift in Sources */ = {isa = PBXBuildFile; fileRef = 7E61192528F0B1570091EAED /* HoneymoonApp.swift */; };
		7E61192828F0B1570091EAED /* ContentView.swift in Sources */ = {isa = PBXBuildFile; fileRef = 7E61192728F0B1570091EAED /* ContentView.swift */; };
		7E61192A28F0B1580091EAED /* Assets.xcassets in Resources */ = {isa = PBXBuildFile; fileRef = 7E61192928F0B1580091EAED /* Assets.xcassets */; };
		7E61192D28F0B1580091EAED /* Preview Assets.xcassets in Resources */ = {isa = PBXBuildFile; fileRef = 7E61192C28F0B1580091EAED /* Preview Assets.xcassets */; };
		7E61193628F0B5B60091EAED /* HoneymoonModel.swift in Sources */ = {isa = PBXBuildFile; fileRef = 7E61193528F0B5B60091EAED /* HoneymoonModel.swift */; };
		7E61193928F0B61A0091EAED /* HoneymoonData.swift in Sources */ = {isa = PBXBuildFile; fileRef = 7E61193828F0B61A0091EAED /* HoneymoonData.swift */; };
		7E61193C28F0B6650091EAED /* CardView.swift in Sources */ = {isa = PBXBuildFile; fileRef = 7E61193B28F0B6650091EAED /* CardView.swift */; };
		7E61193E28F0BA2E0091EAED /* HeaderView.swift in Sources */ = {isa = PBXBuildFile; fileRef = 7E61193D28F0BA2E0091EAED /* HeaderView.swift */; };
		7E61194028F0BB710091EAED /* FooterView.swift in Sources */ = {isa = PBXBuildFile; fileRef = 7E61193F28F0BB710091EAED /* FooterView.swift */; };
		7E61194328F0C5100091EAED /* HeaderComponent.swift in Sources */ = {isa = PBXBuildFile; fileRef = 7E61194228F0C5100091EAED /* HeaderComponent.swift */; };
		7E61194528F0C59F0091EAED /* GuideComponent.swift in Sources */ = {isa = PBXBuildFile; fileRef = 7E61194428F0C59F0091EAED /* GuideComponent.swift */; };
		7E61194728F0C6CC0091EAED /* GuideView.swift in Sources */ = {isa = PBXBuildFile; fileRef = 7E61194628F0C6CC0091EAED /* GuideView.swift */; };
		7E61194928F477760091EAED /* InfoView.swift in Sources */ = {isa = PBXBuildFile; fileRef = 7E61194828F477760091EAED /* InfoView.swift */; };
		7E61194B28F477FC0091EAED /* TitleModifier.swift in Sources */ = {isa = PBXBuildFile; fileRef = 7E61194A28F477FC0091EAED /* TitleModifier.swift */; };
		7E61194E28F4790C0091EAED /* ButtonModifier.swift in Sources */ = {isa = PBXBuildFile; fileRef = 7E61194D28F4790C0091EAED /* ButtonModifier.swift */; };
		7E61195128F480270091EAED /* CardTransition.swift in Sources */ = {isa = PBXBuildFile; fileRef = 7E61195028F480270091EAED /* CardTransition.swift */; };
		7E61195328F480380091EAED /* SymbolModifier.swift in Sources */ = {isa = PBXBuildFile; fileRef = 7E61195228F480380091EAED /* SymbolModifier.swift */; };
		7E61195628F4806F0091EAED /* PlaySound.swift in Sources */ = {isa = PBXBuildFile; fileRef = 7E61195528F4806F0091EAED /* PlaySound.swift */; };
		7E61195A28F4808D0091EAED /* sound-rise.mp3 in Resources */ = {isa = PBXBuildFile; fileRef = 7E61195828F4808D0091EAED /* sound-rise.mp3 */; };
		7E61195B28F4808D0091EAED /* sound-click.mp3 in Resources */ = {isa = PBXBuildFile; fileRef = 7E61195928F4808D0091EAED /* sound-click.mp3 */; };
/* End PBXBuildFile section */

/* Begin PBXFileReference section */
		7E61192228F0B1570091EAED /* Honeymoon.app */ = {isa = PBXFileReference; explicitFileType = wrapper.application; includeInIndex = 0; path = Honeymoon.app; sourceTree = BUILT_PRODUCTS_DIR; };
		7E61192528F0B1570091EAED /* HoneymoonApp.swift */ = {isa = PBXFileReference; lastKnownFileType = sourcecode.swift; path = HoneymoonApp.swift; sourceTree = "<group>"; };
		7E61192728F0B1570091EAED /* ContentView.swift */ = {isa = PBXFileReference; lastKnownFileType = sourcecode.swift; path = ContentView.swift; sourceTree = "<group>"; };
		7E61192928F0B1580091EAED /* Assets.xcassets */ = {isa = PBXFileReference; lastKnownFileType = folder.assetcatalog; path = Assets.xcassets; sourceTree = "<group>"; };
		7E61192C28F0B1580091EAED /* Preview Assets.xcassets */ = {isa = PBXFileReference; lastKnownFileType = folder.assetcatalog; path = "Preview Assets.xcassets"; sourceTree = "<group>"; };
		7E61193328F0B39E0091EAED /* Info.plist */ = {isa = PBXFileReference; lastKnownFileType = text.plist; path = Info.plist; sourceTree = "<group>"; };
		7E61193528F0B5B60091EAED /* HoneymoonModel.swift */ = {isa = PBXFileReference; lastKnownFileType = sourcecode.swift; path = HoneymoonModel.swift; sourceTree = "<group>"; };
		7E61193828F0B61A0091EAED /* HoneymoonData.swift */ = {isa = PBXFileReference; lastKnownFileType = sourcecode.swift; path = HoneymoonData.swift; sourceTree = "<group>"; };
		7E61193B28F0B6650091EAED /* CardView.swift */ = {isa = PBXFileReference; lastKnownFileType = sourcecode.swift; path = CardView.swift; sourceTree = "<group>"; };
		7E61193D28F0BA2E0091EAED /* HeaderView.swift */ = {isa = PBXFileReference; lastKnownFileType = sourcecode.swift; path = HeaderView.swift; sourceTree = "<group>"; };
		7E61193F28F0BB710091EAED /* FooterView.swift */ = {isa = PBXFileReference; lastKnownFileType = sourcecode.swift; path = FooterView.swift; sourceTree = "<group>"; };
		7E61194228F0C5100091EAED /* HeaderComponent.swift */ = {isa = PBXFileReference; lastKnownFileType = sourcecode.swift; path = HeaderComponent.swift; sourceTree = "<group>"; };
		7E61194428F0C59F0091EAED /* GuideComponent.swift */ = {isa = PBXFileReference; lastKnownFileType = sourcecode.swift; path = GuideComponent.swift; sourceTree = "<group>"; };
		7E61194628F0C6CC0091EAED /* GuideView.swift */ = {isa = PBXFileReference; lastKnownFileType = sourcecode.swift; path = GuideView.swift; sourceTree = "<group>"; };
		7E61194828F477760091EAED /* InfoView.swift */ = {isa = PBXFileReference; lastKnownFileType = sourcecode.swift; path = InfoView.swift; sourceTree = "<group>"; };
		7E61194A28F477FC0091EAED /* TitleModifier.swift */ = {isa = PBXFileReference; lastKnownFileType = sourcecode.swift; path = TitleModifier.swift; sourceTree = "<group>"; };
		7E61194D28F4790C0091EAED /* ButtonModifier.swift */ = {isa = PBXFileReference; lastKnownFileType = sourcecode.swift; path = ButtonModifier.swift; sourceTree = "<group>"; };
		7E61195028F480270091EAED /* CardTransition.swift */ = {isa = PBXFileReference; fileEncoding = 4; lastKnownFileType = sourcecode.swift; path = CardTransition.swift; sourceTree = "<group>"; };
		7E61195228F480380091EAED /* SymbolModifier.swift */ = {isa = PBXFileReference; fileEncoding = 4; lastKnownFileType = sourcecode.swift; path = SymbolModifier.swift; sourceTree = "<group>"; };
		7E61195528F4806F0091EAED /* PlaySound.swift */ = {isa = PBXFileReference; fileEncoding = 4; lastKnownFileType = sourcecode.swift; path = PlaySound.swift; sourceTree = "<group>"; };
		7E61195828F4808D0091EAED /* sound-rise.mp3 */ = {isa = PBXFileReference; lastKnownFileType = audio.mp3; path = "sound-rise.mp3"; sourceTree = "<group>"; };
		7E61195928F4808D0091EAED /* sound-click.mp3 */ = {isa = PBXFileReference; lastKnownFileType = audio.mp3; path = "sound-click.mp3"; sourceTree = "<group>"; };
/* End PBXFileReference section */

/* Begin PBXFrameworksBuildPhase section */
		7E61191F28F0B1570091EAED /* Frameworks */ = {
			isa = PBXFrameworksBuildPhase;
			buildActionMask = 2147483647;
			files = (
			);
			runOnlyForDeploymentPostprocessing = 0;
		};
/* End PBXFrameworksBuildPhase section */

/* Begin PBXGroup section */
		7E61191928F0B1570091EAED = {
			isa = PBXGroup;
			children = (
				7E61192428F0B1570091EAED /* Honeymoon */,
				7E61192328F0B1570091EAED /* Products */,
			);
			sourceTree = "<group>";
		};
		7E61192328F0B1570091EAED /* Products */ = {
			isa = PBXGroup;
			children = (
				7E61192228F0B1570091EAED /* Honeymoon.app */,
			);
			name = Products;
			sourceTree = "<group>";
		};
		7E61192428F0B1570091EAED /* Honeymoon */ = {
			isa = PBXGroup;
			children = (
				7E61192528F0B1570091EAED /* HoneymoonApp.swift */,
				7E61193A28F0B65B0091EAED /* View */,
				7E61193728F0B6080091EAED /* Data */,
				7E61193428F0B5A30091EAED /* Model */,
				7E61194C28F4780C0091EAED /* Modifier */,
				7E61195428F480650091EAED /* Helper */,
				7E61194128F0C4C50091EAED /* Components */,
				7E61194F28F4801C0091EAED /* Extension */,
				7E61195728F480810091EAED /* Sound */,
				7E61192928F0B1580091EAED /* Assets.xcassets */,
				7E61193328F0B39E0091EAED /* Info.plist */,
				7E61192B28F0B1580091EAED /* Preview Content */,
			);
			path = Honeymoon;
			sourceTree = "<group>";
		};
		7E61192B28F0B1580091EAED /* Preview Content */ = {
			isa = PBXGroup;
			children = (
				7E61192C28F0B1580091EAED /* Preview Assets.xcassets */,
			);
			path = "Preview Content";
			sourceTree = "<group>";
		};
		7E61193428F0B5A30091EAED /* Model */ = {
			isa = PBXGroup;
			children = (
				7E61193528F0B5B60091EAED /* HoneymoonModel.swift */,
			);
			path = Model;
			sourceTree = "<group>";
		};
		7E61193728F0B6080091EAED /* Data */ = {
			isa = PBXGroup;
			children = (
				7E61193828F0B61A0091EAED /* HoneymoonData.swift */,
			);
			path = Data;
			sourceTree = "<group>";
		};
		7E61193A28F0B65B0091EAED /* View */ = {
			isa = PBXGroup;
			children = (
				7E61192728F0B1570091EAED /* ContentView.swift */,
				7E61193B28F0B6650091EAED /* CardView.swift */,
				7E61193D28F0BA2E0091EAED /* HeaderView.swift */,
				7E61193F28F0BB710091EAED /* FooterView.swift */,
				7E61194628F0C6CC0091EAED /* GuideView.swift */,
				7E61194828F477760091EAED /* InfoView.swift */,
			);
			path = View;
			sourceTree = "<group>";
		};
		7E61194128F0C4C50091EAED /* Components */ = {
			isa = PBXGroup;
			children = (
				7E61194228F0C5100091EAED /* HeaderComponent.swift */,
				7E61194428F0C59F0091EAED /* GuideComponent.swift */,
			);
			path = Components;
			sourceTree = "<group>";
		};
		7E61194C28F4780C0091EAED /* Modifier */ = {
			isa = PBXGroup;
			children = (
				7E61194A28F477FC0091EAED /* TitleModifier.swift */,
				7E61194D28F4790C0091EAED /* ButtonModifier.swift */,
				7E61195228F480380091EAED /* SymbolModifier.swift */,
			);
			path = Modifier;
			sourceTree = "<group>";
		};
		7E61194F28F4801C0091EAED /* Extension */ = {
			isa = PBXGroup;
			children = (
				7E61195028F480270091EAED /* CardTransition.swift */,
			);
			path = Extension;
			sourceTree = "<group>";
		};
		7E61195428F480650091EAED /* Helper */ = {
			isa = PBXGroup;
			children = (
				7E61195528F4806F0091EAED /* PlaySound.swift */,
			);
			path = Helper;
			sourceTree = "<group>";
		};
		7E61195728F480810091EAED /* Sound */ = {
			isa = PBXGroup;
			children = (
				7E61195928F4808D0091EAED /* sound-click.mp3 */,
				7E61195828F4808D0091EAED /* sound-rise.mp3 */,
			);
			path = Sound;
			sourceTree = "<group>";
		};
/* End PBXGroup section */

/* Begin PBXNativeTarget section */
		7E61192128F0B1570091EAED /* Honeymoon */ = {
			isa = PBXNativeTarget;
			buildConfigurationList = 7E61193028F0B1580091EAED /* Build configuration list for PBXNativeTarget "Honeymoon" */;
			buildPhases = (
				7E61191E28F0B1570091EAED /* Sources */,
				7E61191F28F0B1570091EAED /* Frameworks */,
				7E61192028F0B1570091EAED /* Resources */,
			);
			buildRules = (
			);
			dependencies = (
			);
			name = Honeymoon;
			productName = Honeymoon;
			productReference = 7E61192228F0B1570091EAED /* Honeymoon.app */;
			productType = "com.apple.product-type.application";
		};
/* End PBXNativeTarget section */

/* Begin PBXProject section */
		7E61191A28F0B1570091EAED /* Project object */ = {
			isa = PBXProject;
			attributes = {
				BuildIndependentTargetsInParallel = 1;
				LastSwiftUpdateCheck = 1340;
				LastUpgradeCheck = 1340;
				TargetAttributes = {
					7E61192128F0B1570091EAED = {
						CreatedOnToolsVersion = 13.4.1;
					};
				};
			};
			buildConfigurationList = 7E61191D28F0B1570091EAED /* Build configuration list for PBXProject "Honeymoon" */;
			compatibilityVersion = "Xcode 13.0";
			developmentRegion = en;
			hasScannedForEncodings = 0;
			knownRegions = (
				en,
				Base,
			);
			mainGroup = 7E61191928F0B1570091EAED;
			productRefGroup = 7E61192328F0B1570091EAED /* Products */;
			projectDirPath = "";
			projectRoot = "";
			targets = (
				7E61192128F0B1570091EAED /* Honeymoon */,
			);
		};
/* End PBXProject section */

/* Begin PBXResourcesBuildPhase section */
		7E61192028F0B1570091EAED /* Resources */ = {
			isa = PBXResourcesBuildPhase;
			buildActionMask = 2147483647;
			files = (
				7E61195A28F4808D0091EAED /* sound-rise.mp3 in Resources */,
				7E61195B28F4808D0091EAED /* sound-click.mp3 in Resources */,
				7E61192D28F0B1580091EAED /* Preview Assets.xcassets in Resources */,
				7E61192A28F0B1580091EAED /* Assets.xcassets in Resources */,
			);
			runOnlyForDeploymentPostprocessing = 0;
		};
/* End PBXResourcesBuildPhase section */

/* Begin PBXSourcesBuildPhase section */
		7E61191E28F0B1570091EAED /* Sources */ = {
			isa = PBXSourcesBuildPhase;
			buildActionMask = 2147483647;
			files = (
				7E61193928F0B61A0091EAED /* HoneymoonData.swift in Sources */,
				7E61194928F477760091EAED /* InfoView.swift in Sources */,
				7E61194028F0BB710091EAED /* FooterView.swift in Sources */,
				7E61194B28F477FC0091EAED /* TitleModifier.swift in Sources */,
				7E61193E28F0BA2E0091EAED /* HeaderView.swift in Sources */,
				7E61193628F0B5B60091EAED /* HoneymoonModel.swift in Sources */,
				7E61194E28F4790C0091EAED /* ButtonModifier.swift in Sources */,
				7E61194328F0C5100091EAED /* HeaderComponent.swift in Sources */,
				7E61192828F0B1570091EAED /* ContentView.swift in Sources */,
				7E61195628F4806F0091EAED /* PlaySound.swift in Sources */,
				7E61192628F0B1570091EAED /* HoneymoonApp.swift in Sources */,
				7E61193C28F0B6650091EAED /* CardView.swift in Sources */,
				7E61194528F0C59F0091EAED /* GuideComponent.swift in Sources */,
				7E61195328F480380091EAED /* SymbolModifier.swift in Sources */,
				7E61195128F480270091EAED /* CardTransition.swift in Sources */,
				7E61194728F0C6CC0091EAED /* GuideView.swift in Sources */,
			);
			runOnlyForDeploymentPostprocessing = 0;
		};
/* End PBXSourcesBuildPhase section */

/* Begin XCBuildConfiguration section */
		7E61192E28F0B1580091EAED /* Debug */ = {
			isa = XCBuildConfiguration;
			buildSettings = {
				ALWAYS_SEARCH_USER_PATHS = NO;
				CLANG_ANALYZER_NONNULL = YES;
				CLANG_ANALYZER_NUMBER_OBJECT_CONVERSION = YES_AGGRESSIVE;
				CLANG_CXX_LANGUAGE_STANDARD = "gnu++17";
				CLANG_ENABLE_MODULES = YES;
				CLANG_ENABLE_OBJC_ARC = YES;
				CLANG_ENABLE_OBJC_WEAK = YES;
				CLANG_WARN_BLOCK_CAPTURE_AUTORELEASING = YES;
				CLANG_WARN_BOOL_CONVERSION = YES;
				CLANG_WARN_COMMA = YES;
				CLANG_WARN_CONSTANT_CONVERSION = YES;
				CLANG_WARN_DEPRECATED_OBJC_IMPLEMENTATIONS = YES;
				CLANG_WARN_DIRECT_OBJC_ISA_USAGE = YES_ERROR;
				CLANG_WARN_DOCUMENTATION_COMMENTS = YES;
				CLANG_WARN_EMPTY_BODY = YES;
				CLANG_WARN_ENUM_CONVERSION = YES;
				CLANG_WARN_INFINITE_RECURSION = YES;
				CLANG_WARN_INT_CONVERSION = YES;
				CLANG_WARN_NON_LITERAL_NULL_CONVERSION = YES;
				CLANG_WARN_OBJC_IMPLICIT_RETAIN_SELF = YES;
				CLANG_WARN_OBJC_LITERAL_CONVERSION = YES;
				CLANG_WARN_OBJC_ROOT_CLASS = YES_ERROR;
				CLANG_WARN_QUOTED_INCLUDE_IN_FRAMEWORK_HEADER = YES;
				CLANG_WARN_RANGE_LOOP_ANALYSIS = YES;
				CLANG_WARN_STRICT_PROTOTYPES = YES;
				CLANG_WARN_SUSPICIOUS_MOVE = YES;
				CLANG_WARN_UNGUARDED_AVAILABILITY = YES_AGGRESSIVE;
				CLANG_WARN_UNREACHABLE_CODE = YES;
				CLANG_WARN__DUPLICATE_METHOD_MATCH = YES;
				COPY_PHASE_STRIP = NO;
				DEBUG_INFORMATION_FORMAT = dwarf;
				ENABLE_STRICT_OBJC_MSGSEND = YES;
				ENABLE_TESTABILITY = YES;
				GCC_C_LANGUAGE_STANDARD = gnu11;
				GCC_DYNAMIC_NO_PIC = NO;
				GCC_NO_COMMON_BLOCKS = YES;
				GCC_OPTIMIZATION_LEVEL = 0;
				GCC_PREPROCESSOR_DEFINITIONS = (
					"DEBUG=1",
					"$(inherited)",
				);
				GCC_WARN_64_TO_32_BIT_CONVERSION = YES;
				GCC_WARN_ABOUT_RETURN_TYPE = YES_ERROR;
				GCC_WARN_UNDECLARED_SELECTOR = YES;
				GCC_WARN_UNINITIALIZED_AUTOS = YES_AGGRESSIVE;
				GCC_WARN_UNUSED_FUNCTION = YES;
				GCC_WARN_UNUSED_VARIABLE = YES;
				IPHONEOS_DEPLOYMENT_TARGET = 15.5;
				MTL_ENABLE_DEBUG_INFO = INCLUDE_SOURCE;
				MTL_FAST_MATH = YES;
				ONLY_ACTIVE_ARCH = YES;
				SDKROOT = iphoneos;
				SWIFT_ACTIVE_COMPILATION_CONDITIONS = DEBUG;
				SWIFT_OPTIMIZATION_LEVEL = "-Onone";
			};
			name = Debug;
		};
		7E61192F28F0B1580091EAED /* Release */ = {
			isa = XCBuildConfiguration;
			buildSettings = {
				ALWAYS_SEARCH_USER_PATHS = NO;
				CLANG_ANALYZER_NONNULL = YES;
				CLANG_ANALYZER_NUMBER_OBJECT_CONVERSION = YES_AGGRESSIVE;
				CLANG_CXX_LANGUAGE_STANDARD = "gnu++17";
				CLANG_ENABLE_MODULES = YES;
				CLANG_ENABLE_OBJC_ARC = YES;
				CLANG_ENABLE_OBJC_WEAK = YES;
				CLANG_WARN_BLOCK_CAPTURE_AUTORELEASING = YES;
				CLANG_WARN_BOOL_CONVERSION = YES;
				CLANG_WARN_COMMA = YES;
				CLANG_WARN_CONSTANT_CONVERSION = YES;
				CLANG_WARN_DEPRECATED_OBJC_IMPLEMENTATIONS = YES;
				CLANG_WARN_DIRECT_OBJC_ISA_USAGE = YES_ERROR;
				CLANG_WARN_DOCUMENTATION_COMMENTS = YES;
				CLANG_WARN_EMPTY_BODY = YES;
				CLANG_WARN_ENUM_CONVERSION = YES;
				CLANG_WARN_INFINITE_RECURSION = YES;
				CLANG_WARN_INT_CONVERSION = YES;
				CLANG_WARN_NON_LITERAL_NULL_CONVERSION = YES;
				CLANG_WARN_OBJC_IMPLICIT_RETAIN_SELF = YES;
				CLANG_WARN_OBJC_LITERAL_CONVERSION = YES;
				CLANG_WARN_OBJC_ROOT_CLASS = YES_ERROR;
				CLANG_WARN_QUOTED_INCLUDE_IN_FRAMEWORK_HEADER = YES;
				CLANG_WARN_RANGE_LOOP_ANALYSIS = YES;
				CLANG_WARN_STRICT_PROTOTYPES = YES;
				CLANG_WARN_SUSPICIOUS_MOVE = YES;
				CLANG_WARN_UNGUARDED_AVAILABILITY = YES_AGGRESSIVE;
				CLANG_WARN_UNREACHABLE_CODE = YES;
				CLANG_WARN__DUPLICATE_METHOD_MATCH = YES;
				COPY_PHASE_STRIP = NO;
				DEBUG_INFORMATION_FORMAT = "dwarf-with-dsym";
				ENABLE_NS_ASSERTIONS = NO;
				ENABLE_STRICT_OBJC_MSGSEND = YES;
				GCC_C_LANGUAGE_STANDARD = gnu11;
				GCC_NO_COMMON_BLOCKS = YES;
				GCC_WARN_64_TO_32_BIT_CONVERSION = YES;
				GCC_WARN_ABOUT_RETURN_TYPE = YES_ERROR;
				GCC_WARN_UNDECLARED_SELECTOR = YES;
				GCC_WARN_UNINITIALIZED_AUTOS = YES_AGGRESSIVE;
				GCC_WARN_UNUSED_FUNCTION = YES;
				GCC_WARN_UNUSED_VARIABLE = YES;
				IPHONEOS_DEPLOYMENT_TARGET = 15.5;
				MTL_ENABLE_DEBUG_INFO = NO;
				MTL_FAST_MATH = YES;
				SDKROOT = iphoneos;
				SWIFT_COMPILATION_MODE = wholemodule;
				SWIFT_OPTIMIZATION_LEVEL = "-O";
				VALIDATE_PRODUCT = YES;
			};
			name = Release;
		};
		7E61193128F0B1580091EAED /* Debug */ = {
			isa = XCBuildConfiguration;
			buildSettings = {
				ASSETCATALOG_COMPILER_APPICON_NAME = AppIcon;
				ASSETCATALOG_COMPILER_GLOBAL_ACCENT_COLOR_NAME = AccentColor;
				CODE_SIGN_STYLE = Automatic;
				CURRENT_PROJECT_VERSION = 1;
				DEVELOPMENT_ASSET_PATHS = "\"Honeymoon/Preview Content\"";
				ENABLE_PREVIEWS = YES;
				GENERATE_INFOPLIST_FILE = YES;
				INFOPLIST_FILE = Honeymoon/Info.plist;
				INFOPLIST_KEY_UIApplicationSceneManifest_Generation = YES;
				INFOPLIST_KEY_UIApplicationSupportsIndirectInputEvents = YES;
				INFOPLIST_KEY_UISupportedInterfaceOrientations = UIInterfaceOrientationPortrait;
				INFOPLIST_KEY_UISupportedInterfaceOrientations_iPad = "UIInterfaceOrientationPortrait UIInterfaceOrientationPortraitUpsideDown";
				INFOPLIST_KEY_UISupportedInterfaceOrientations_iPhone = "UIInterfaceOrientationPortrait UIInterfaceOrientationLandscapeLeft UIInterfaceOrientationLandscapeRight";
				LD_RUNPATH_SEARCH_PATHS = (
					"$(inherited)",
					"@executable_path/Frameworks",
				);
				MARKETING_VERSION = 1.0;
				PRODUCT_BUNDLE_IDENTIFIER = dev.aigonzalez.Honeymoon;
				PRODUCT_NAME = "$(TARGET_NAME)";
				SWIFT_EMIT_LOC_STRINGS = YES;
				SWIFT_VERSION = 5.0;
				TARGETED_DEVICE_FAMILY = "1,2";
			};
			name = Debug;
		};
		7E61193228F0B1580091EAED /* Release */ = {
			isa = XCBuildConfiguration;
			buildSettings = {
				ASSETCATALOG_COMPILER_APPICON_NAME = AppIcon;
				ASSETCATALOG_COMPILER_GLOBAL_ACCENT_COLOR_NAME = AccentColor;
				CODE_SIGN_STYLE = Automatic;
				CURRENT_PROJECT_VERSION = 1;
				DEVELOPMENT_ASSET_PATHS = "\"Honeymoon/Preview Content\"";
				ENABLE_PREVIEWS = YES;
				GENERATE_INFOPLIST_FILE = YES;
				INFOPLIST_FILE = Honeymoon/Info.plist;
				INFOPLIST_KEY_UIApplicationSceneManifest_Generation = YES;
				INFOPLIST_KEY_UIApplicationSupportsIndirectInputEvents = YES;
				INFOPLIST_KEY_UISupportedInterfaceOrientations = UIInterfaceOrientationPortrait;
				INFOPLIST_KEY_UISupportedInterfaceOrientations_iPad = "UIInterfaceOrientationPortrait UIInterfaceOrientationPortraitUpsideDown";
				INFOPLIST_KEY_UISupportedInterfaceOrientations_iPhone = "UIInterfaceOrientationPortrait UIInterfaceOrientationLandscapeLeft UIInterfaceOrientationLandscapeRight";
				LD_RUNPATH_SEARCH_PATHS = (
					"$(inherited)",
					"@executable_path/Frameworks",
				);
				MARKETING_VERSION = 1.0;
				PRODUCT_BUNDLE_IDENTIFIER = dev.aigonzalez.Honeymoon;
				PRODUCT_NAME = "$(TARGET_NAME)";
				SWIFT_EMIT_LOC_STRINGS = YES;
				SWIFT_VERSION = 5.0;
				TARGETED_DEVICE_FAMILY = "1,2";
			};
			name = Release;
		};
/* End XCBuildConfiguration section */

/* Begin XCConfigurationList section */
		7E61191D28F0B1570091EAED /* Build configuration list for PBXProject "Honeymoon" */ = {
			isa = XCConfigurationList;
			buildConfigurations = (
				7E61192E28F0B1580091EAED /* Debug */,
				7E61192F28F0B1580091EAED /* Release */,
			);
			defaultConfigurationIsVisible = 0;
			defaultConfigurationName = Release;
		};
		7E61193028F0B1580091EAED /* Build configuration list for PBXNativeTarget "Honeymoon" */ = {
			isa = XCConfigurationList;
			buildConfigurations = (
				7E61193128F0B1580091EAED /* Debug */,
				7E61193228F0B1580091EAED /* Release */,
			);
			defaultConfigurationIsVisible = 0;
			defaultConfigurationName = Release;
		};
/* End XCConfigurationList section */
	};
	rootObject = 7E61191A28F0B1570091EAED /* Project object */;
}
